
Microsoft Visual Studio Solution File, Format Version 12.00
Project("{FAE04EC0-301F-11D3-BF4B-00C04F79EFBC}") = "Dominio", "Dominio\Dominio.csproj", "{993FBF92-E099-49A5-8AB7-F229EDF5DBF1}"
EndProject
Project("{FAE04EC0-301F-11D3-BF4B-00C04F79EFBC}") = "Tests", "Tests\Tests.csproj", "{9150EB24-3FD9-482A-8219-1CFB7DB40A5E}"
EndProject
Project("{FAE04EC0-301F-11D3-BF4B-00C04F79EFBC}") = "Gestores", "Gestores\Gestores.csproj", "{2435C6DA-C6B1-44CB-9F9F-A19743186FAA}"
EndProject
Project("{FAE04EC0-301F-11D3-BF4B-00C04F79EFBC}") = "Repositorios", "Repositorios\Repositorios.csproj", "{0560B541-F150-4262-9F4A-0E892EE91CC5}"
EndProject
Project("{FAE04EC0-301F-11D3-BF4B-00C04F79EFBC}") = "IRepositorios", "IRepositorios\IRepositorios.csproj", "{0774538D-AF7C-43D3-8379-9747566E27B1}"
EndProject
Global
	GlobalSection(SolutionConfigurationPlatforms) = preSolution
		Debug|Any CPU = Debug|Any CPU
		Release|Any CPU = Release|Any CPU
	EndGlobalSection
	GlobalSection(ProjectConfigurationPlatforms) = postSolution
		{993FBF92-E099-49A5-8AB7-F229EDF5DBF1}.Debug|Any CPU.ActiveCfg = Debug|Any CPU
		{993FBF92-E099-49A5-8AB7-F229EDF5DBF1}.Debug|Any CPU.Build.0 = Debug|Any CPU
		{993FBF92-E099-49A5-8AB7-F229EDF5DBF1}.Release|Any CPU.ActiveCfg = Release|Any CPU
		{993FBF92-E099-49A5-8AB7-F229EDF5DBF1}.Release|Any CPU.Build.0 = Release|Any CPU
		{9150EB24-3FD9-482A-8219-1CFB7DB40A5E}.Debug|Any CPU.ActiveCfg = Debug|Any CPU
		{9150EB24-3FD9-482A-8219-1CFB7DB40A5E}.Debug|Any CPU.Build.0 = Debug|Any CPU
		{9150EB24-3FD9-482A-8219-1CFB7DB40A5E}.Release|Any CPU.ActiveCfg = Release|Any CPU
		{9150EB24-3FD9-482A-8219-1CFB7DB40A5E}.Release|Any CPU.Build.0 = Release|Any CPU
		{2435C6DA-C6B1-44CB-9F9F-A19743186FAA}.Debug|Any CPU.ActiveCfg = Debug|Any CPU
		{2435C6DA-C6B1-44CB-9F9F-A19743186FAA}.Debug|Any CPU.Build.0 = Debug|Any CPU
		{2435C6DA-C6B1-44CB-9F9F-A19743186FAA}.Release|Any CPU.ActiveCfg = Release|Any CPU
		{2435C6DA-C6B1-44CB-9F9F-A19743186FAA}.Release|Any CPU.Build.0 = Release|Any CPU
		{0560B541-F150-4262-9F4A-0E892EE91CC5}.Debug|Any CPU.ActiveCfg = Debug|Any CPU
		{0560B541-F150-4262-9F4A-0E892EE91CC5}.Debug|Any CPU.Build.0 = Debug|Any CPU
		{0560B541-F150-4262-9F4A-0E892EE91CC5}.Release|Any CPU.ActiveCfg = Release|Any CPU
		{0560B541-F150-4262-9F4A-0E892EE91CC5}.Release|Any CPU.Build.0 = Release|Any CPU
		{0774538D-AF7C-43D3-8379-9747566E27B1}.Debug|Any CPU.ActiveCfg = Debug|Any CPU
		{0774538D-AF7C-43D3-8379-9747566E27B1}.Debug|Any CPU.Build.0 = Debug|Any CPU
		{0774538D-AF7C-43D3-8379-9747566E27B1}.Release|Any CPU.ActiveCfg = Release|Any CPU
		{0774538D-AF7C-43D3-8379-9747566E27B1}.Release|Any CPU.Build.0 = Release|Any CPU
	EndGlobalSection
EndGlobal
